# THIS IS AN AUTOGENERATED FILE. DO NOT EDIT THIS FILE DIRECTLY.
# yarn lockfile v1


create-vite@^5.1.0:
  version "5.1.0"
  resolved "https://registry.yarnpkg.com/create-vite/-/create-vite-5.1.0.tgz#47b1bbc5fa03047de99ccc5debf4bbc7091c9a12"
  integrity sha512-sKEnpzdFcG3pPdYBdCFBeONg1+nBLkwUtH4wbva+MeU2bJXJTB+A7I+zAxc4Hauw8W38x9qbogYu49nzzbK7mg==
